
Microsoft Visual Studio Solution File, Format Version 12.00
# Visual Studio Version 17
VisualStudioVersion = 17.2.32616.157
MinimumVisualStudioVersion = 10.0.40219.1
Project("{FAE04EC0-301F-11D3-BF4B-00C04F79EFBC}") = "sekizTemmuzAtolye", "sekizTemmuzAtolye\sekizTemmuzAtolye.csproj", "{6E71179E-16C9-4DC8-97FD-614507B0F99D}"
EndProject
Global
	GlobalSection(SolutionConfigurationPlatforms) = preSolution
		Debug|Any CPU = Debug|Any CPU
		Release|Any CPU = Release|Any CPU
	EndGlobalSection
	GlobalSection(ProjectConfigurationPlatforms) = postSolution
		{6E71179E-16C9-4DC8-97FD-614507B0F99D}.Debug|Any CPU.ActiveCfg = Debug|Any CPU
		{6E71179E-16C9-4DC8-97FD-614507B0F99D}.Debug|Any CPU.Build.0 = Debug|Any CPU
		{6E71179E-16C9-4DC8-97FD-614507B0F99D}.Release|Any CPU.ActiveCfg = Release|Any CPU
		{6E71179E-16C9-4DC8-97FD-614507B0F99D}.Release|Any CPU.Build.0 = Release|Any CPU
	EndGlobalSection
	GlobalSection(SolutionProperties) = preSolution
		HideSolutionNode = FALSE
	EndGlobalSection
	GlobalSection(ExtensibilityGlobals) = postSolution
		SolutionGuid = {87411120-020A-4773-B56A-990653E76399}
	EndGlobalSection
EndGlobal
